
Microsoft Visual Studio Solution File, Format Version 12.00
# Visual Studio Version 17
VisualStudioVersion = 17.9.34622.214
MinimumVisualStudioVersion = 10.0.40219.1
Project("{2150E333-8FDC-42A3-9474-1A3956D46DE8}") = "src", "src", "{19A7644F-412D-44FD-A3DF-485E90D48D71}"
EndProject
Project("{2150E333-8FDC-42A3-9474-1A3956D46DE8}") = "Presentation", "Presentation", "{DB478693-0571-4D79-8290-C5E87B44C895}"
EndProject
Project("{2150E333-8FDC-42A3-9474-1A3956D46DE8}") = "Domain", "Domain", "{6B5F9AAE-7AC8-4A53-9A9C-6D899D3112E2}"
EndProject
Project("{9A19103F-16F7-4668-BE54-9A1E7A4F7556}") = "DiagramApp.Client", "src\Presentation\DiagramApp.Client\DiagramApp.Client.csproj", "{6FFD73AC-E446-44B7-9154-916CC14601E8}"
EndProject
Project("{9A19103F-16F7-4668-BE54-9A1E7A4F7556}") = "DiagramApp.Domain", "src\Domain\DiagramApp.Domain\DiagramApp.Domain.csproj", "{44164DF9-6A75-4E65-AF6A-8AC89D9C6399}"
EndProject
Project("{2150E333-8FDC-42A3-9474-1A3956D46DE8}") = "Application", "Application", "{401091BE-C79E-4239-9B03-E73EE2A13C6B}"
EndProject
Project("{9A19103F-16F7-4668-BE54-9A1E7A4F7556}") = "DiagramApp.Application.AppServices", "src\Application\DiagramApp.Application.AppServices\DiagramApp.Application.AppServices.csproj", "{26BCFF26-5702-4B1B-AA25-71E878FC7B96}"
EndProject
Project("{2150E333-8FDC-42A3-9474-1A3956D46DE8}") = "Contracts", "Contracts", "{D3CB94B0-92D3-47D7-87F6-A240845E7235}"
EndProject
Project("{9A19103F-16F7-4668-BE54-9A1E7A4F7556}") = "DiagramApp.Contracts", "src\Contracts\DiagramApp.Contracts\DiagramApp.Contracts.csproj", "{E7303A4E-C46E-4DF5-B471-B15CBA43FA27}"
EndProject
Project("{2150E333-8FDC-42A3-9474-1A3956D46DE8}") = "tests", "tests", "{4F965C9D-07A9-46D9-8277-30A909E9CC0B}"
EndProject
Project("{9A19103F-16F7-4668-BE54-9A1E7A4F7556}") = "DiagramApp.Tests.Unit", "tests\DiagramApp.Tests.Unit\DiagramApp.Tests.Unit.csproj", "{068FA67D-6822-4E27-B47C-BF81F6313D86}"
EndProject
Project("{2150E333-8FDC-42A3-9474-1A3956D46DE8}") = "docs", "docs", "{416DD9AF-C437-4FFB-9F51-F45F98A9C45B}"
	ProjectSection(SolutionItems) = preProject
		docs\assets\assets.md = docs\assets\assets.md
	EndProjectSection
EndProject
Global
	GlobalSection(SolutionConfigurationPlatforms) = preSolution
		Debug|Any CPU = Debug|Any CPU
		Release|Any CPU = Release|Any CPU
	EndGlobalSection
	GlobalSection(ProjectConfigurationPlatforms) = postSolution
		{6FFD73AC-E446-44B7-9154-916CC14601E8}.Debug|Any CPU.ActiveCfg = Debug|Any CPU
		{6FFD73AC-E446-44B7-9154-916CC14601E8}.Debug|Any CPU.Build.0 = Debug|Any CPU
		{6FFD73AC-E446-44B7-9154-916CC14601E8}.Debug|Any CPU.Deploy.0 = Debug|Any CPU
		{6FFD73AC-E446-44B7-9154-916CC14601E8}.Release|Any CPU.ActiveCfg = Release|Any CPU
		{6FFD73AC-E446-44B7-9154-916CC14601E8}.Release|Any CPU.Build.0 = Release|Any CPU
		{6FFD73AC-E446-44B7-9154-916CC14601E8}.Release|Any CPU.Deploy.0 = Release|Any CPU
		{44164DF9-6A75-4E65-AF6A-8AC89D9C6399}.Debug|Any CPU.ActiveCfg = Debug|Any CPU
		{44164DF9-6A75-4E65-AF6A-8AC89D9C6399}.Debug|Any CPU.Build.0 = Debug|Any CPU
		{44164DF9-6A75-4E65-AF6A-8AC89D9C6399}.Release|Any CPU.ActiveCfg = Release|Any CPU
		{44164DF9-6A75-4E65-AF6A-8AC89D9C6399}.Release|Any CPU.Build.0 = Release|Any CPU
		{26BCFF26-5702-4B1B-AA25-71E878FC7B96}.Debug|Any CPU.ActiveCfg = Debug|Any CPU
		{26BCFF26-5702-4B1B-AA25-71E878FC7B96}.Debug|Any CPU.Build.0 = Debug|Any CPU
		{26BCFF26-5702-4B1B-AA25-71E878FC7B96}.Release|Any CPU.ActiveCfg = Release|Any CPU
		{26BCFF26-5702-4B1B-AA25-71E878FC7B96}.Release|Any CPU.Build.0 = Release|Any CPU
		{E7303A4E-C46E-4DF5-B471-B15CBA43FA27}.Debug|Any CPU.ActiveCfg = Debug|Any CPU
		{E7303A4E-C46E-4DF5-B471-B15CBA43FA27}.Debug|Any CPU.Build.0 = Debug|Any CPU
		{E7303A4E-C46E-4DF5-B471-B15CBA43FA27}.Release|Any CPU.ActiveCfg = Release|Any CPU
		{E7303A4E-C46E-4DF5-B471-B15CBA43FA27}.Release|Any CPU.Build.0 = Release|Any CPU
		{068FA67D-6822-4E27-B47C-BF81F6313D86}.Debug|Any CPU.ActiveCfg = Debug|Any CPU
		{068FA67D-6822-4E27-B47C-BF81F6313D86}.Debug|Any CPU.Build.0 = Debug|Any CPU
		{068FA67D-6822-4E27-B47C-BF81F6313D86}.Release|Any CPU.ActiveCfg = Release|Any CPU
		{068FA67D-6822-4E27-B47C-BF81F6313D86}.Release|Any CPU.Build.0 = Release|Any CPU
	EndGlobalSection
	GlobalSection(SolutionProperties) = preSolution
		HideSolutionNode = FALSE
	EndGlobalSection
	GlobalSection(NestedProjects) = preSolution
		{DB478693-0571-4D79-8290-C5E87B44C895} = {19A7644F-412D-44FD-A3DF-485E90D48D71}
		{6B5F9AAE-7AC8-4A53-9A9C-6D899D3112E2} = {19A7644F-412D-44FD-A3DF-485E90D48D71}
		{6FFD73AC-E446-44B7-9154-916CC14601E8} = {DB478693-0571-4D79-8290-C5E87B44C895}
		{44164DF9-6A75-4E65-AF6A-8AC89D9C6399} = {6B5F9AAE-7AC8-4A53-9A9C-6D899D3112E2}
		{401091BE-C79E-4239-9B03-E73EE2A13C6B} = {19A7644F-412D-44FD-A3DF-485E90D48D71}
		{26BCFF26-5702-4B1B-AA25-71E878FC7B96} = {401091BE-C79E-4239-9B03-E73EE2A13C6B}
		{D3CB94B0-92D3-47D7-87F6-A240845E7235} = {19A7644F-412D-44FD-A3DF-485E90D48D71}
		{E7303A4E-C46E-4DF5-B471-B15CBA43FA27} = {D3CB94B0-92D3-47D7-87F6-A240845E7235}
		{068FA67D-6822-4E27-B47C-BF81F6313D86} = {4F965C9D-07A9-46D9-8277-30A909E9CC0B}
	EndGlobalSection
	GlobalSection(ExtensibilityGlobals) = postSolution
		SolutionGuid = {1F0DF37D-74DA-4F7B-831E-E3C2B2B50437}
	EndGlobalSection
EndGlobal
